// !$*UTF8*$!
{
	archiveVersion = 1;
	classes = {
	};
	objectVersion = 50;
	objects = {

/* Begin PBXBuildFile section */
		2B832DB225F84D57006A54E6 /* Tests_iOS.swift in Sources */ = {isa = PBXBuildFile; fileRef = 2B832DB125F84D57006A54E6 /* Tests_iOS.swift */; };
		2B832DBD25F84D57006A54E6 /* Tests_macOS.swift in Sources */ = {isa = PBXBuildFile; fileRef = 2B832DBC25F84D57006A54E6 /* Tests_macOS.swift */; };
		2B832DBF25F84D57006A54E6 /* RaytracedApp.swift in Sources */ = {isa = PBXBuildFile; fileRef = 2B832D9525F84D55006A54E6 /* RaytracedApp.swift */; };
		2B832DC025F84D57006A54E6 /* RaytracedApp.swift in Sources */ = {isa = PBXBuildFile; fileRef = 2B832D9525F84D55006A54E6 /* RaytracedApp.swift */; };
		2B832DC125F84D57006A54E6 /* RaytracedDocument.swift in Sources */ = {isa = PBXBuildFile; fileRef = 2B832D9625F84D55006A54E6 /* RaytracedDocument.swift */; };
		2B832DC225F84D57006A54E6 /* RaytracedDocument.swift in Sources */ = {isa = PBXBuildFile; fileRef = 2B832D9625F84D55006A54E6 /* RaytracedDocument.swift */; };
		2B832DC325F84D57006A54E6 /* ContentView.swift in Sources */ = {isa = PBXBuildFile; fileRef = 2B832D9725F84D55006A54E6 /* ContentView.swift */; };
		2B832DC425F84D57006A54E6 /* ContentView.swift in Sources */ = {isa = PBXBuildFile; fileRef = 2B832D9725F84D55006A54E6 /* ContentView.swift */; };
		2B832DC525F84D57006A54E6 /* Assets.xcassets in Resources */ = {isa = PBXBuildFile; fileRef = 2B832D9825F84D57006A54E6 /* Assets.xcassets */; };
		2B832DC625F84D57006A54E6 /* Assets.xcassets in Resources */ = {isa = PBXBuildFile; fileRef = 2B832D9825F84D57006A54E6 /* Assets.xcassets */; };
		2B832DD625F84E7E006A54E6 /* Core.swift in Sources */ = {isa = PBXBuildFile; fileRef = 2B832DD525F84E7E006A54E6 /* Core.swift */; };
		2B832DD725F84E7E006A54E6 /* Core.swift in Sources */ = {isa = PBXBuildFile; fileRef = 2B832DD525F84E7E006A54E6 /* Core.swift */; };
		2B832DDA25F84EA9006A54E6 /* MetalView.swift in Sources */ = {isa = PBXBuildFile; fileRef = 2B832DD825F84EA9006A54E6 /* MetalView.swift */; };
		2B832DDB25F84EA9006A54E6 /* MetalView.swift in Sources */ = {isa = PBXBuildFile; fileRef = 2B832DD825F84EA9006A54E6 /* MetalView.swift */; };
		2B832DDF25F85035006A54E6 /* MathLibrary.swift in Sources */ = {isa = PBXBuildFile; fileRef = 2B832DDE25F85035006A54E6 /* MathLibrary.swift */; };
		2B832DE025F85035006A54E6 /* MathLibrary.swift in Sources */ = {isa = PBXBuildFile; fileRef = 2B832DDE25F85035006A54E6 /* MathLibrary.swift */; };
		2B832DE725F8512C006A54E6 /* Font.swift in Sources */ = {isa = PBXBuildFile; fileRef = 2B832DE625F8512C006A54E6 /* Font.swift */; };
		2B832DE825F8512C006A54E6 /* Font.swift in Sources */ = {isa = PBXBuildFile; fileRef = 2B832DE625F8512C006A54E6 /* Font.swift */; };
		2B832DEB25F85138006A54E6 /* OpenSans.tiff in Resources */ = {isa = PBXBuildFile; fileRef = 2B832DE925F85138006A54E6 /* OpenSans.tiff */; };
		2B832DEC25F85138006A54E6 /* OpenSans.tiff in Resources */ = {isa = PBXBuildFile; fileRef = 2B832DE925F85138006A54E6 /* OpenSans.tiff */; };
		2B832DED25F85138006A54E6 /* OpenSans.json in Resources */ = {isa = PBXBuildFile; fileRef = 2B832DEA25F85138006A54E6 /* OpenSans.json */; };
		2B832DEE25F85138006A54E6 /* OpenSans.json in Resources */ = {isa = PBXBuildFile; fileRef = 2B832DEA25F85138006A54E6 /* OpenSans.json */; };
		2B832DF025F85163006A54E6 /* Utils.swift in Sources */ = {isa = PBXBuildFile; fileRef = 2B832DEF25F85163006A54E6 /* Utils.swift */; };
		2B832DF125F85163006A54E6 /* Utils.swift in Sources */ = {isa = PBXBuildFile; fileRef = 2B832DEF25F85163006A54E6 /* Utils.swift */; };
		2B832E0225F85D0D006A54E6 /* Metal.metal in Sources */ = {isa = PBXBuildFile; fileRef = 2B832E0125F85D0D006A54E6 /* Metal.metal */; };
		2B832E0325F85D0D006A54E6 /* Metal.metal in Sources */ = {isa = PBXBuildFile; fileRef = 2B832E0125F85D0D006A54E6 /* Metal.metal */; };
		2B832E0525F8935E006A54E6 /* RenderMPS.swift in Sources */ = {isa = PBXBuildFile; fileRef = 2B832E0425F8935E006A54E6 /* RenderMPS.swift */; };
		2B832E0625F8935E006A54E6 /* RenderMPS.swift in Sources */ = {isa = PBXBuildFile; fileRef = 2B832E0425F8935E006A54E6 /* RenderMPS.swift */; };
		2B832E0825F895A9006A54E6 /* Render.swift in Sources */ = {isa = PBXBuildFile; fileRef = 2B832E0725F895A9006A54E6 /* Render.swift */; };
		2B832E0925F895A9006A54E6 /* Render.swift in Sources */ = {isa = PBXBuildFile; fileRef = 2B832E0725F895A9006A54E6 /* Render.swift */; };
		2B832E0E25F8A699006A54E6 /* sphere.mtl in Resources */ = {isa = PBXBuildFile; fileRef = 2B832E0C25F8A699006A54E6 /* sphere.mtl */; };
		2B832E0F25F8A699006A54E6 /* sphere.mtl in Resources */ = {isa = PBXBuildFile; fileRef = 2B832E0C25F8A699006A54E6 /* sphere.mtl */; };
		2B832E1025F8A699006A54E6 /* sphere.obj in Resources */ = {isa = PBXBuildFile; fileRef = 2B832E0D25F8A699006A54E6 /* sphere.obj */; };
		2B832E1125F8A699006A54E6 /* sphere.obj in Resources */ = {isa = PBXBuildFile; fileRef = 2B832E0D25F8A699006A54E6 /* sphere.obj */; };
/* End PBXBuildFile section */

/* Begin PBXContainerItemProxy section */
		2B832DAE25F84D57006A54E6 /* PBXContainerItemProxy */ = {
			isa = PBXContainerItemProxy;
			containerPortal = 2B832D9025F84D54006A54E6 /* Project object */;
			proxyType = 1;
			remoteGlobalIDString = 2B832D9C25F84D57006A54E6;
			remoteInfo = "Raytraced (iOS)";
		};
		2B832DB925F84D57006A54E6 /* PBXContainerItemProxy */ = {
			isa = PBXContainerItemProxy;
			containerPortal = 2B832D9025F84D54006A54E6 /* Project object */;
			proxyType = 1;
			remoteGlobalIDString = 2B832DA425F84D57006A54E6;
			remoteInfo = "Raytraced (macOS)";
		};
/* End PBXContainerItemProxy section */

/* Begin PBXFileReference section */
		2B832D9525F84D55006A54E6 /* RaytracedApp.swift */ = {isa = PBXFileReference; lastKnownFileType = sourcecode.swift; path = RaytracedApp.swift; sourceTree = "<group>"; };
		2B832D9625F84D55006A54E6 /* RaytracedDocument.swift */ = {isa = PBXFileReference; lastKnownFileType = sourcecode.swift; path = RaytracedDocument.swift; sourceTree = "<group>"; };
		2B832D9725F84D55006A54E6 /* ContentView.swift */ = {isa = PBXFileReference; lastKnownFileType = sourcecode.swift; path = ContentView.swift; sourceTree = "<group>"; };
		2B832D9825F84D57006A54E6 /* Assets.xcassets */ = {isa = PBXFileReference; lastKnownFileType = folder.assetcatalog; path = Assets.xcassets; sourceTree = "<group>"; };
		2B832D9D25F84D57006A54E6 /* Raytraced.app */ = {isa = PBXFileReference; explicitFileType = wrapper.application; includeInIndex = 0; path = Raytraced.app; sourceTree = BUILT_PRODUCTS_DIR; };
		2B832DA025F84D57006A54E6 /* Info.plist */ = {isa = PBXFileReference; lastKnownFileType = text.plist.xml; path = Info.plist; sourceTree = "<group>"; };
		2B832DA525F84D57006A54E6 /* Raytraced.app */ = {isa = PBXFileReference; explicitFileType = wrapper.application; includeInIndex = 0; path = Raytraced.app; sourceTree = BUILT_PRODUCTS_DIR; };
		2B832DA725F84D57006A54E6 /* Info.plist */ = {isa = PBXFileReference; lastKnownFileType = text.plist.xml; path = Info.plist; sourceTree = "<group>"; };
		2B832DA825F84D57006A54E6 /* macOS.entitlements */ = {isa = PBXFileReference; lastKnownFileType = text.plist.entitlements; path = macOS.entitlements; sourceTree = "<group>"; };
		2B832DAD25F84D57006A54E6 /* Tests iOS.xctest */ = {isa = PBXFileReference; explicitFileType = wrapper.cfbundle; includeInIndex = 0; path = "Tests iOS.xctest"; sourceTree = BUILT_PRODUCTS_DIR; };
		2B832DB125F84D57006A54E6 /* Tests_iOS.swift */ = {isa = PBXFileReference; lastKnownFileType = sourcecode.swift; path = Tests_iOS.swift; sourceTree = "<group>"; };
		2B832DB325F84D57006A54E6 /* Info.plist */ = {isa = PBXFileReference; lastKnownFileType = text.plist.xml; path = Info.plist; sourceTree = "<group>"; };
		2B832DB825F84D57006A54E6 /* Tests macOS.xctest */ = {isa = PBXFileReference; explicitFileType = wrapper.cfbundle; includeInIndex = 0; path = "Tests macOS.xctest"; sourceTree = BUILT_PRODUCTS_DIR; };
		2B832DBC25F84D57006A54E6 /* Tests_macOS.swift */ = {isa = PBXFileReference; lastKnownFileType = sourcecode.swift; path = Tests_macOS.swift; sourceTree = "<group>"; };
		2B832DBE25F84D57006A54E6 /* Info.plist */ = {isa = PBXFileReference; lastKnownFileType = text.plist.xml; path = Info.plist; sourceTree = "<group>"; };
		2B832DD525F84E7E006A54E6 /* Core.swift */ = {isa = PBXFileReference; lastKnownFileType = sourcecode.swift; path = Core.swift; sourceTree = "<group>"; };
		2B832DD825F84EA9006A54E6 /* MetalView.swift */ = {isa = PBXFileReference; fileEncoding = 4; lastKnownFileType = sourcecode.swift; path = MetalView.swift; sourceTree = "<group>"; };
		2B832DDE25F85035006A54E6 /* MathLibrary.swift */ = {isa = PBXFileReference; fileEncoding = 4; lastKnownFileType = sourcecode.swift; path = MathLibrary.swift; sourceTree = "<group>"; };
		2B832DE625F8512C006A54E6 /* Font.swift */ = {isa = PBXFileReference; fileEncoding = 4; lastKnownFileType = sourcecode.swift; path = Font.swift; sourceTree = "<group>"; };
		2B832DE925F85138006A54E6 /* OpenSans.tiff */ = {isa = PBXFileReference; lastKnownFileType = image.tiff; path = OpenSans.tiff; sourceTree = "<group>"; };
		2B832DEA25F85138006A54E6 /* OpenSans.json */ = {isa = PBXFileReference; fileEncoding = 4; lastKnownFileType = text.json; path = OpenSans.json; sourceTree = "<group>"; };
		2B832DEF25F85163006A54E6 /* Utils.swift */ = {isa = PBXFileReference; fileEncoding = 4; lastKnownFileType = sourcecode.swift; path = Utils.swift; sourceTree = "<group>"; };
		2B832E0125F85D0D006A54E6 /* Metal.metal */ = {isa = PBXFileReference; lastKnownFileType = sourcecode.metal; path = Metal.metal; sourceTree = "<group>"; };
		2B832E0425F8935E006A54E6 /* RenderMPS.swift */ = {isa = PBXFileReference; lastKnownFileType = sourcecode.swift; path = RenderMPS.swift; sourceTree = "<group>"; };
		2B832E0725F895A9006A54E6 /* Render.swift */ = {isa = PBXFileReference; lastKnownFileType = sourcecode.swift; path = Render.swift; sourceTree = "<group>"; };
		2B832E0A25F89E6D006A54E6 /* Metal.h */ = {isa = PBXFileReference; lastKnownFileType = sourcecode.c.h; path = Metal.h; sourceTree = "<group>"; };
		2B832E0C25F8A699006A54E6 /* sphere.mtl */ = {isa = PBXFileReference; fileEncoding = 4; lastKnownFileType = text; path = sphere.mtl; sourceTree = "<group>"; };
		2B832E0D25F8A699006A54E6 /* sphere.obj */ = {isa = PBXFileReference; fileEncoding = 4; lastKnownFileType = text; path = sphere.obj; sourceTree = "<group>"; };
/* End PBXFileReference section */

/* Begin PBXFrameworksBuildPhase section */
		2B832D9A25F84D57006A54E6 /* Frameworks */ = {
			isa = PBXFrameworksBuildPhase;
			buildActionMask = 2147483647;
			files = (
			);
			runOnlyForDeploymentPostprocessing = 0;
		};
		2B832DA225F84D57006A54E6 /* Frameworks */ = {
			isa = PBXFrameworksBuildPhase;
			buildActionMask = 2147483647;
			files = (
			);
			runOnlyForDeploymentPostprocessing = 0;
		};
		2B832DAA25F84D57006A54E6 /* Frameworks */ = {
			isa = PBXFrameworksBuildPhase;
			buildActionMask = 2147483647;
			files = (
			);
			runOnlyForDeploymentPostprocessing = 0;
		};
		2B832DB525F84D57006A54E6 /* Frameworks */ = {
			isa = PBXFrameworksBuildPhase;
			buildActionMask = 2147483647;
			files = (
			);
			runOnlyForDeploymentPostprocessing = 0;
		};
/* End PBXFrameworksBuildPhase section */

/* Begin PBXGroup section */
		2B832D8F25F84D54006A54E6 = {
			isa = PBXGroup;
			children = (
				2B832D9425F84D55006A54E6 /* Shared */,
				2B832D9F25F84D57006A54E6 /* iOS */,
				2B832DA625F84D57006A54E6 /* macOS */,
				2B832DB025F84D57006A54E6 /* Tests iOS */,
				2B832DBB25F84D57006A54E6 /* Tests macOS */,
				2B832D9E25F84D57006A54E6 /* Products */,
			);
			sourceTree = "<group>";
		};
		2B832D9425F84D55006A54E6 /* Shared */ = {
			isa = PBXGroup;
			children = (
				2B832D9525F84D55006A54E6 /* RaytracedApp.swift */,
				2B832D9625F84D55006A54E6 /* RaytracedDocument.swift */,
				2B832D9725F84D55006A54E6 /* ContentView.swift */,
				2B832DD525F84E7E006A54E6 /* Core.swift */,
				2B832E0725F895A9006A54E6 /* Render.swift */,
				2B832E0425F8935E006A54E6 /* RenderMPS.swift */,
				2B832E0125F85D0D006A54E6 /* Metal.metal */,
				2B832E0A25F89E6D006A54E6 /* Metal.h */,
				2B832DD825F84EA9006A54E6 /* MetalView.swift */,
				2B832DDE25F85035006A54E6 /* MathLibrary.swift */,
				2B832DEF25F85163006A54E6 /* Utils.swift */,
				2B832DE425F85110006A54E6 /* Classes */,
				2B832DE525F8511E006A54E6 /* Fonts */,
				2B832E0B25F8A68A006A54E6 /* Models */,
				2B832D9825F84D57006A54E6 /* Assets.xcassets */,
			);
			path = Shared;
			sourceTree = "<group>";
		};
		2B832D9E25F84D57006A54E6 /* Products */ = {
			isa = PBXGroup;
			children = (
				2B832D9D25F84D57006A54E6 /* Raytraced.app */,
				2B832DA525F84D57006A54E6 /* Raytraced.app */,
				2B832DAD25F84D57006A54E6 /* Tests iOS.xctest */,
				2B832DB825F84D57006A54E6 /* Tests macOS.xctest */,
			);
			name = Products;
			sourceTree = "<group>";
		};
		2B832D9F25F84D57006A54E6 /* iOS */ = {
			isa = PBXGroup;
			children = (
				2B832DA025F84D57006A54E6 /* Info.plist */,
			);
			path = iOS;
			sourceTree = "<group>";
		};
		2B832DA625F84D57006A54E6 /* macOS */ = {
			isa = PBXGroup;
			children = (
				2B832DA725F84D57006A54E6 /* Info.plist */,
				2B832DA825F84D57006A54E6 /* macOS.entitlements */,
			);
			path = macOS;
			sourceTree = "<group>";
		};
		2B832DB025F84D57006A54E6 /* Tests iOS */ = {
			isa = PBXGroup;
			children = (
				2B832DB125F84D57006A54E6 /* Tests_iOS.swift */,
				2B832DB325F84D57006A54E6 /* Info.plist */,
			);
			path = "Tests iOS";
			sourceTree = "<group>";
		};
		2B832DBB25F84D57006A54E6 /* Tests macOS */ = {
			isa = PBXGroup;
			children = (
				2B832DBC25F84D57006A54E6 /* Tests_macOS.swift */,
				2B832DBE25F84D57006A54E6 /* Info.plist */,
			);
			path = "Tests macOS";
			sourceTree = "<group>";
		};
		2B832DE425F85110006A54E6 /* Classes */ = {
			isa = PBXGroup;
			children = (
				2B832DE625F8512C006A54E6 /* Font.swift */,
			);
			path = Classes;
			sourceTree = "<group>";
		};
		2B832DE525F8511E006A54E6 /* Fonts */ = {
			isa = PBXGroup;
			children = (
				2B832DEA25F85138006A54E6 /* OpenSans.json */,
				2B832DE925F85138006A54E6 /* OpenSans.tiff */,
			);
			path = Fonts;
			sourceTree = "<group>";
		};
		2B832E0B25F8A68A006A54E6 /* Models */ = {
			isa = PBXGroup;
			children = (
				2B832E0C25F8A699006A54E6 /* sphere.mtl */,
				2B832E0D25F8A699006A54E6 /* sphere.obj */,
			);
			path = Models;
			sourceTree = "<group>";
		};
/* End PBXGroup section */

/* Begin PBXNativeTarget section */
		2B832D9C25F84D57006A54E6 /* Raytraced (iOS) */ = {
			isa = PBXNativeTarget;
			buildConfigurationList = 2B832DC925F84D57006A54E6 /* Build configuration list for PBXNativeTarget "Raytraced (iOS)" */;
			buildPhases = (
				2B832D9925F84D57006A54E6 /* Sources */,
				2B832D9A25F84D57006A54E6 /* Frameworks */,
				2B832D9B25F84D57006A54E6 /* Resources */,
			);
			buildRules = (
			);
			dependencies = (
			);
			name = "Raytraced (iOS)";
			productName = "Raytraced (iOS)";
			productReference = 2B832D9D25F84D57006A54E6 /* Raytraced.app */;
			productType = "com.apple.product-type.application";
		};
		2B832DA425F84D57006A54E6 /* Raytraced (macOS) */ = {
			isa = PBXNativeTarget;
			buildConfigurationList = 2B832DCC25F84D57006A54E6 /* Build configuration list for PBXNativeTarget "Raytraced (macOS)" */;
			buildPhases = (
				2B832DA125F84D57006A54E6 /* Sources */,
				2B832DA225F84D57006A54E6 /* Frameworks */,
				2B832DA325F84D57006A54E6 /* Resources */,
			);
			buildRules = (
			);
			dependencies = (
			);
			name = "Raytraced (macOS)";
			productName = "Raytraced (macOS)";
			productReference = 2B832DA525F84D57006A54E6 /* Raytraced.app */;
			productType = "com.apple.product-type.application";
		};
		2B832DAC25F84D57006A54E6 /* Tests iOS */ = {
			isa = PBXNativeTarget;
			buildConfigurationList = 2B832DCF25F84D57006A54E6 /* Build configuration list for PBXNativeTarget "Tests iOS" */;
			buildPhases = (
				2B832DA925F84D57006A54E6 /* Sources */,
				2B832DAA25F84D57006A54E6 /* Frameworks */,
				2B832DAB25F84D57006A54E6 /* Resources */,
			);
			buildRules = (
			);
			dependencies = (
				2B832DAF25F84D57006A54E6 /* PBXTargetDependency */,
			);
			name = "Tests iOS";
			productName = "Tests iOS";
			productReference = 2B832DAD25F84D57006A54E6 /* Tests iOS.xctest */;
			productType = "com.apple.product-type.bundle.ui-testing";
		};
		2B832DB725F84D57006A54E6 /* Tests macOS */ = {
			isa = PBXNativeTarget;
			buildConfigurationList = 2B832DD225F84D57006A54E6 /* Build configuration list for PBXNativeTarget "Tests macOS" */;
			buildPhases = (
				2B832DB425F84D57006A54E6 /* Sources */,
				2B832DB525F84D57006A54E6 /* Frameworks */,
				2B832DB625F84D57006A54E6 /* Resources */,
			);
			buildRules = (
			);
			dependencies = (
				2B832DBA25F84D57006A54E6 /* PBXTargetDependency */,
			);
			name = "Tests macOS";
			productName = "Tests macOS";
			productReference = 2B832DB825F84D57006A54E6 /* Tests macOS.xctest */;
			productType = "com.apple.product-type.bundle.ui-testing";
		};
/* End PBXNativeTarget section */

/* Begin PBXProject section */
		2B832D9025F84D54006A54E6 /* Project object */ = {
			isa = PBXProject;
			attributes = {
				LastSwiftUpdateCheck = 1250;
				LastUpgradeCheck = 1250;
				TargetAttributes = {
					2B832D9C25F84D57006A54E6 = {
						CreatedOnToolsVersion = 12.5;
					};
					2B832DA425F84D57006A54E6 = {
						CreatedOnToolsVersion = 12.5;
					};
					2B832DAC25F84D57006A54E6 = {
						CreatedOnToolsVersion = 12.5;
						TestTargetID = 2B832D9C25F84D57006A54E6;
					};
					2B832DB725F84D57006A54E6 = {
						CreatedOnToolsVersion = 12.5;
						TestTargetID = 2B832DA425F84D57006A54E6;
					};
				};
			};
			buildConfigurationList = 2B832D9325F84D54006A54E6 /* Build configuration list for PBXProject "Raytraced" */;
			compatibilityVersion = "Xcode 9.3";
			developmentRegion = en;
			hasScannedForEncodings = 0;
			knownRegions = (
				en,
				Base,
			);
			mainGroup = 2B832D8F25F84D54006A54E6;
			productRefGroup = 2B832D9E25F84D57006A54E6 /* Products */;
			projectDirPath = "";
			projectRoot = "";
			targets = (
				2B832D9C25F84D57006A54E6 /* Raytraced (iOS) */,
				2B832DA425F84D57006A54E6 /* Raytraced (macOS) */,
				2B832DAC25F84D57006A54E6 /* Tests iOS */,
				2B832DB725F84D57006A54E6 /* Tests macOS */,
			);
		};
/* End PBXProject section */

/* Begin PBXResourcesBuildPhase section */
		2B832D9B25F84D57006A54E6 /* Resources */ = {
			isa = PBXResourcesBuildPhase;
			buildActionMask = 2147483647;
			files = (
				2B832E0E25F8A699006A54E6 /* sphere.mtl in Resources */,
				2B832DC525F84D57006A54E6 /* Assets.xcassets in Resources */,
				2B832DED25F85138006A54E6 /* OpenSans.json in Resources */,
				2B832DEB25F85138006A54E6 /* OpenSans.tiff in Resources */,
				2B832E1025F8A699006A54E6 /* sphere.obj in Resources */,
			);
			runOnlyForDeploymentPostprocessing = 0;
		};
		2B832DA325F84D57006A54E6 /* Resources */ = {
			isa = PBXResourcesBuildPhase;
			buildActionMask = 2147483647;
			files = (
				2B832E0F25F8A699006A54E6 /* sphere.mtl in Resources */,
				2B832DC625F84D57006A54E6 /* Assets.xcassets in Resources */,
				2B832DEE25F85138006A54E6 /* OpenSans.json in Resources */,
				2B832DEC25F85138006A54E6 /* OpenSans.tiff in Resources */,
				2B832E1125F8A699006A54E6 /* sphere.obj in Resources */,
			);
			runOnlyForDeploymentPostprocessing = 0;
		};
		2B832DAB25F84D57006A54E6 /* Resources */ = {
			isa = PBXResourcesBuildPhase;
			buildActionMask = 2147483647;
			files = (
			);
			runOnlyForDeploymentPostprocessing = 0;
		};
		2B832DB625F84D57006A54E6 /* Resources */ = {
			isa = PBXResourcesBuildPhase;
			buildActionMask = 2147483647;
			files = (
			);
			runOnlyForDeploymentPostprocessing = 0;
		};
/* End PBXResourcesBuildPhase section */

/* Begin PBXSourcesBuildPhase section */
		2B832D9925F84D57006A54E6 /* Sources */ = {
			isa = PBXSourcesBuildPhase;
			buildActionMask = 2147483647;
			files = (
				2B832DC125F84D57006A54E6 /* RaytracedDocument.swift in Sources */,
				2B832DDF25F85035006A54E6 /* MathLibrary.swift in Sources */,
				2B832DBF25F84D57006A54E6 /* RaytracedApp.swift in Sources */,
				2B832DDA25F84EA9006A54E6 /* MetalView.swift in Sources */,
				2B832E0525F8935E006A54E6 /* RenderMPS.swift in Sources */,
				2B832E0225F85D0D006A54E6 /* Metal.metal in Sources */,
				2B832DF025F85163006A54E6 /* Utils.swift in Sources */,
				2B832DE725F8512C006A54E6 /* Font.swift in Sources */,
				2B832DD625F84E7E006A54E6 /* Core.swift in Sources */,
				2B832E0825F895A9006A54E6 /* Render.swift in Sources */,
				2B832DC325F84D57006A54E6 /* ContentView.swift in Sources */,
			);
			runOnlyForDeploymentPostprocessing = 0;
		};
		2B832DA125F84D57006A54E6 /* Sources */ = {
			isa = PBXSourcesBuildPhase;
			buildActionMask = 2147483647;
			files = (
				2B832DC225F84D57006A54E6 /* RaytracedDocument.swift in Sources */,
				2B832DE025F85035006A54E6 /* MathLibrary.swift in Sources */,
				2B832DC025F84D57006A54E6 /* RaytracedApp.swift in Sources */,
				2B832DDB25F84EA9006A54E6 /* MetalView.swift in Sources */,
				2B832E0625F8935E006A54E6 /* RenderMPS.swift in Sources */,
				2B832E0325F85D0D006A54E6 /* Metal.metal in Sources */,
				2B832DF125F85163006A54E6 /* Utils.swift in Sources */,
				2B832DE825F8512C006A54E6 /* Font.swift in Sources */,
				2B832DD725F84E7E006A54E6 /* Core.swift in Sources */,
				2B832E0925F895A9006A54E6 /* Render.swift in Sources */,
				2B832DC425F84D57006A54E6 /* ContentView.swift in Sources */,
			);
			runOnlyForDeploymentPostprocessing = 0;
		};
		2B832DA925F84D57006A54E6 /* Sources */ = {
			isa = PBXSourcesBuildPhase;
			buildActionMask = 2147483647;
			files = (
				2B832DB225F84D57006A54E6 /* Tests_iOS.swift in Sources */,
			);
			runOnlyForDeploymentPostprocessing = 0;
		};
		2B832DB425F84D57006A54E6 /* Sources */ = {
			isa = PBXSourcesBuildPhase;
			buildActionMask = 2147483647;
			files = (
				2B832DBD25F84D57006A54E6 /* Tests_macOS.swift in Sources */,
			);
			runOnlyForDeploymentPostprocessing = 0;
		};
/* End PBXSourcesBuildPhase section */

/* Begin PBXTargetDependency section */
		2B832DAF25F84D57006A54E6 /* PBXTargetDependency */ = {
			isa = PBXTargetDependency;
			target = 2B832D9C25F84D57006A54E6 /* Raytraced (iOS) */;
			targetProxy = 2B832DAE25F84D57006A54E6 /* PBXContainerItemProxy */;
		};
		2B832DBA25F84D57006A54E6 /* PBXTargetDependency */ = {
			isa = PBXTargetDependency;
			target = 2B832DA425F84D57006A54E6 /* Raytraced (macOS) */;
			targetProxy = 2B832DB925F84D57006A54E6 /* PBXContainerItemProxy */;
		};
/* End PBXTargetDependency section */

/* Begin XCBuildConfiguration section */
		2B832DC725F84D57006A54E6 /* Debug */ = {
			isa = XCBuildConfiguration;
			buildSettings = {
				ALWAYS_SEARCH_USER_PATHS = NO;
				CLANG_ANALYZER_NONNULL = YES;
				CLANG_ANALYZER_NUMBER_OBJECT_CONVERSION = YES_AGGRESSIVE;
				CLANG_CXX_LANGUAGE_STANDARD = "gnu++14";
				CLANG_CXX_LIBRARY = "libc++";
				CLANG_ENABLE_MODULES = YES;
				CLANG_ENABLE_OBJC_ARC = YES;
				CLANG_ENABLE_OBJC_WEAK = YES;
				CLANG_WARN_BLOCK_CAPTURE_AUTORELEASING = YES;
				CLANG_WARN_BOOL_CONVERSION = YES;
				CLANG_WARN_COMMA = YES;
				CLANG_WARN_CONSTANT_CONVERSION = YES;
				CLANG_WARN_DEPRECATED_OBJC_IMPLEMENTATIONS = YES;
				CLANG_WARN_DIRECT_OBJC_ISA_USAGE = YES_ERROR;
				CLANG_WARN_DOCUMENTATION_COMMENTS = YES;
				CLANG_WARN_EMPTY_BODY = YES;
				CLANG_WARN_ENUM_CONVERSION = YES;
				CLANG_WARN_INFINITE_RECURSION = YES;
				CLANG_WARN_INT_CONVERSION = YES;
				CLANG_WARN_NON_LITERAL_NULL_CONVERSION = YES;
				CLANG_WARN_OBJC_IMPLICIT_RETAIN_SELF = YES;
				CLANG_WARN_OBJC_LITERAL_CONVERSION = YES;
				CLANG_WARN_OBJC_ROOT_CLASS = YES_ERROR;
				CLANG_WARN_QUOTED_INCLUDE_IN_FRAMEWORK_HEADER = YES;
				CLANG_WARN_RANGE_LOOP_ANALYSIS = YES;
				CLANG_WARN_STRICT_PROTOTYPES = YES;
				CLANG_WARN_SUSPICIOUS_MOVE = YES;
				CLANG_WARN_UNGUARDED_AVAILABILITY = YES_AGGRESSIVE;
				CLANG_WARN_UNREACHABLE_CODE = YES;
				CLANG_WARN__DUPLICATE_METHOD_MATCH = YES;
				COPY_PHASE_STRIP = NO;
				DEBUG_INFORMATION_FORMAT = dwarf;
				ENABLE_STRICT_OBJC_MSGSEND = YES;
				ENABLE_TESTABILITY = YES;
				GCC_C_LANGUAGE_STANDARD = gnu11;
				GCC_DYNAMIC_NO_PIC = NO;
				GCC_NO_COMMON_BLOCKS = YES;
				GCC_OPTIMIZATION_LEVEL = 0;
				GCC_PREPROCESSOR_DEFINITIONS = (
					"DEBUG=1",
					"$(inherited)",
				);
				GCC_WARN_64_TO_32_BIT_CONVERSION = YES;
				GCC_WARN_ABOUT_RETURN_TYPE = YES_ERROR;
				GCC_WARN_UNDECLARED_SELECTOR = YES;
				GCC_WARN_UNINITIALIZED_AUTOS = YES_AGGRESSIVE;
				GCC_WARN_UNUSED_FUNCTION = YES;
				GCC_WARN_UNUSED_VARIABLE = YES;
				MTL_ENABLE_DEBUG_INFO = INCLUDE_SOURCE;
				MTL_FAST_MATH = YES;
				ONLY_ACTIVE_ARCH = YES;
				SWIFT_ACTIVE_COMPILATION_CONDITIONS = DEBUG;
				SWIFT_OPTIMIZATION_LEVEL = "-Onone";
			};
			name = Debug;
		};
		2B832DC825F84D57006A54E6 /* Release */ = {
			isa = XCBuildConfiguration;
			buildSettings = {
				ALWAYS_SEARCH_USER_PATHS = NO;
				CLANG_ANALYZER_NONNULL = YES;
				CLANG_ANALYZER_NUMBER_OBJECT_CONVERSION = YES_AGGRESSIVE;
				CLANG_CXX_LANGUAGE_STANDARD = "gnu++14";
				CLANG_CXX_LIBRARY = "libc++";
				CLANG_ENABLE_MODULES = YES;
				CLANG_ENABLE_OBJC_ARC = YES;
				CLANG_ENABLE_OBJC_WEAK = YES;
				CLANG_WARN_BLOCK_CAPTURE_AUTORELEASING = YES;
				CLANG_WARN_BOOL_CONVERSION = YES;
				CLANG_WARN_COMMA = YES;
				CLANG_WARN_CONSTANT_CONVERSION = YES;
				CLANG_WARN_DEPRECATED_OBJC_IMPLEMENTATIONS = YES;
				CLANG_WARN_DIRECT_OBJC_ISA_USAGE = YES_ERROR;
				CLANG_WARN_DOCUMENTATION_COMMENTS = YES;
				CLANG_WARN_EMPTY_BODY = YES;
				CLANG_WARN_ENUM_CONVERSION = YES;
				CLANG_WARN_INFINITE_RECURSION = YES;
				CLANG_WARN_INT_CONVERSION = YES;
				CLANG_WARN_NON_LITERAL_NULL_CONVERSION = YES;
				CLANG_WARN_OBJC_IMPLICIT_RETAIN_SELF = YES;
				CLANG_WARN_OBJC_LITERAL_CONVERSION = YES;
				CLANG_WARN_OBJC_ROOT_CLASS = YES_ERROR;
				CLANG_WARN_QUOTED_INCLUDE_IN_FRAMEWORK_HEADER = YES;
				CLANG_WARN_RANGE_LOOP_ANALYSIS = YES;
				CLANG_WARN_STRICT_PROTOTYPES = YES;
				CLANG_WARN_SUSPICIOUS_MOVE = YES;
				CLANG_WARN_UNGUARDED_AVAILABILITY = YES_AGGRESSIVE;
				CLANG_WARN_UNREACHABLE_CODE = YES;
				CLANG_WARN__DUPLICATE_METHOD_MATCH = YES;
				COPY_PHASE_STRIP = NO;
				DEBUG_INFORMATION_FORMAT = "dwarf-with-dsym";
				ENABLE_NS_ASSERTIONS = NO;
				ENABLE_STRICT_OBJC_MSGSEND = YES;
				GCC_C_LANGUAGE_STANDARD = gnu11;
				GCC_NO_COMMON_BLOCKS = YES;
				GCC_WARN_64_TO_32_BIT_CONVERSION = YES;
				GCC_WARN_ABOUT_RETURN_TYPE = YES_ERROR;
				GCC_WARN_UNDECLARED_SELECTOR = YES;
				GCC_WARN_UNINITIALIZED_AUTOS = YES_AGGRESSIVE;
				GCC_WARN_UNUSED_FUNCTION = YES;
				GCC_WARN_UNUSED_VARIABLE = YES;
				MTL_ENABLE_DEBUG_INFO = NO;
				MTL_FAST_MATH = YES;
				SWIFT_COMPILATION_MODE = wholemodule;
				SWIFT_OPTIMIZATION_LEVEL = "-O";
			};
			name = Release;
		};
		2B832DCA25F84D57006A54E6 /* Debug */ = {
			isa = XCBuildConfiguration;
			buildSettings = {
				ASSETCATALOG_COMPILER_APPICON_NAME = AppIcon;
				ASSETCATALOG_COMPILER_GLOBAL_ACCENT_COLOR_NAME = AccentColor;
				CODE_SIGN_STYLE = Automatic;
				DEVELOPMENT_TEAM = G6R6L3VH62;
				ENABLE_PREVIEWS = YES;
				INFOPLIST_FILE = iOS/Info.plist;
				IPHONEOS_DEPLOYMENT_TARGET = 14.0;
				LD_RUNPATH_SEARCH_PATHS = (
					"$(inherited)",
					"@executable_path/Frameworks",
				);
				PRODUCT_BUNDLE_IDENTIFIER = com.moenig.Raytraced;
				PRODUCT_NAME = Raytraced;
				SDKROOT = iphoneos;
				SWIFT_OBJC_BRIDGING_HEADER = Shared/Metal.h;
				SWIFT_VERSION = 5.0;
				TARGETED_DEVICE_FAMILY = "1,2";
			};
			name = Debug;
		};
		2B832DCB25F84D57006A54E6 /* Release */ = {
			isa = XCBuildConfiguration;
			buildSettings = {
				ASSETCATALOG_COMPILER_APPICON_NAME = AppIcon;
				ASSETCATALOG_COMPILER_GLOBAL_ACCENT_COLOR_NAME = AccentColor;
				CODE_SIGN_STYLE = Automatic;
				DEVELOPMENT_TEAM = G6R6L3VH62;
				ENABLE_PREVIEWS = YES;
				INFOPLIST_FILE = iOS/Info.plist;
				IPHONEOS_DEPLOYMENT_TARGET = 14.0;
				LD_RUNPATH_SEARCH_PATHS = (
					"$(inherited)",
					"@executable_path/Frameworks",
				);
				PRODUCT_BUNDLE_IDENTIFIER = com.moenig.Raytraced;
				PRODUCT_NAME = Raytraced;
				SDKROOT = iphoneos;
				SWIFT_OBJC_BRIDGING_HEADER = Shared/Metal.h;
				SWIFT_VERSION = 5.0;
				TARGETED_DEVICE_FAMILY = "1,2";
				VALIDATE_PRODUCT = YES;
			};
			name = Release;
		};
		2B832DCD25F84D57006A54E6 /* Debug */ = {
			isa = XCBuildConfiguration;
			buildSettings = {
				ASSETCATALOG_COMPILER_APPICON_NAME = AppIcon;
				ASSETCATALOG_COMPILER_GLOBAL_ACCENT_COLOR_NAME = AccentColor;
				CODE_SIGN_ENTITLEMENTS = macOS/macOS.entitlements;
				CODE_SIGN_STYLE = Automatic;
				COMBINE_HIDPI_IMAGES = YES;
				DEVELOPMENT_TEAM = G6R6L3VH62;
				ENABLE_HARDENED_RUNTIME = YES;
				ENABLE_PREVIEWS = YES;
				INFOPLIST_FILE = macOS/Info.plist;
				LD_RUNPATH_SEARCH_PATHS = (
					"$(inherited)",
					"@executable_path/../Frameworks",
				);
				MACOSX_DEPLOYMENT_TARGET = 11.0;
				PRODUCT_BUNDLE_IDENTIFIER = com.moenig.Raytraced;
				PRODUCT_NAME = Raytraced;
				SDKROOT = macosx;
				SWIFT_OBJC_BRIDGING_HEADER = Shared/Metal.h;
				SWIFT_VERSION = 5.0;
			};
			name = Debug;
		};
		2B832DCE25F84D57006A54E6 /* Release */ = {
			isa = XCBuildConfiguration;
			buildSettings = {
				ASSETCATALOG_COMPILER_APPICON_NAME = AppIcon;
				ASSETCATALOG_COMPILER_GLOBAL_ACCENT_COLOR_NAME = AccentColor;
				CODE_SIGN_ENTITLEMENTS = macOS/macOS.entitlements;
				CODE_SIGN_STYLE = Automatic;
				COMBINE_HIDPI_IMAGES = YES;
				DEVELOPMENT_TEAM = G6R6L3VH62;
				ENABLE_HARDENED_RUNTIME = YES;
				ENABLE_PREVIEWS = YES;
				INFOPLIST_FILE = macOS/Info.plist;
				LD_RUNPATH_SEARCH_PATHS = (
					"$(inherited)",
					"@executable_path/../Frameworks",
				);
				MACOSX_DEPLOYMENT_TARGET = 11.0;
				PRODUCT_BUNDLE_IDENTIFIER = com.moenig.Raytraced;
				PRODUCT_NAME = Raytraced;
				SDKROOT = macosx;
				SWIFT_OBJC_BRIDGING_HEADER = Shared/Metal.h;
				SWIFT_VERSION = 5.0;
			};
			name = Release;
		};
		2B832DD025F84D57006A54E6 /* Debug */ = {
			isa = XCBuildConfiguration;
			buildSettings = {
				ALWAYS_EMBED_SWIFT_STANDARD_LIBRARIES = YES;
				CODE_SIGN_STYLE = Automatic;
				DEVELOPMENT_TEAM = G6R6L3VH62;
				INFOPLIST_FILE = "Tests iOS/Info.plist";
				IPHONEOS_DEPLOYMENT_TARGET = 14.5;
				LD_RUNPATH_SEARCH_PATHS = (
					"$(inherited)",
					"@executable_path/Frameworks",
					"@loader_path/Frameworks",
				);
				PRODUCT_BUNDLE_IDENTIFIER = "com.moenig.Tests-iOS";
				PRODUCT_NAME = "$(TARGET_NAME)";
				SDKROOT = iphoneos;
				SWIFT_VERSION = 5.0;
				TARGETED_DEVICE_FAMILY = "1,2";
				TEST_TARGET_NAME = "Raytraced (iOS)";
			};
			name = Debug;
		};
		2B832DD125F84D57006A54E6 /* Release */ = {
			isa = XCBuildConfiguration;
			buildSettings = {
				ALWAYS_EMBED_SWIFT_STANDARD_LIBRARIES = YES;
				CODE_SIGN_STYLE = Automatic;
				DEVELOPMENT_TEAM = G6R6L3VH62;
				INFOPLIST_FILE = "Tests iOS/Info.plist";
				IPHONEOS_DEPLOYMENT_TARGET = 14.5;
				LD_RUNPATH_SEARCH_PATHS = (
					"$(inherited)",
					"@executable_path/Frameworks",
					"@loader_path/Frameworks",
				);
				PRODUCT_BUNDLE_IDENTIFIER = "com.moenig.Tests-iOS";
				PRODUCT_NAME = "$(TARGET_NAME)";
				SDKROOT = iphoneos;
				SWIFT_VERSION = 5.0;
				TARGETED_DEVICE_FAMILY = "1,2";
				TEST_TARGET_NAME = "Raytraced (iOS)";
				VALIDATE_PRODUCT = YES;
			};
			name = Release;
		};
		2B832DD325F84D57006A54E6 /* Debug */ = {
			isa = XCBuildConfiguration;
			buildSettings = {
				ALWAYS_EMBED_SWIFT_STANDARD_LIBRARIES = YES;
				CODE_SIGN_STYLE = Automatic;
				COMBINE_HIDPI_IMAGES = YES;
				DEVELOPMENT_TEAM = G6R6L3VH62;
				INFOPLIST_FILE = "Tests macOS/Info.plist";
				LD_RUNPATH_SEARCH_PATHS = (
					"$(inherited)",
					"@executable_path/../Frameworks",
					"@loader_path/../Frameworks",
				);
				MACOSX_DEPLOYMENT_TARGET = 11.3;
				PRODUCT_BUNDLE_IDENTIFIER = "com.moenig.Tests-macOS";
				PRODUCT_NAME = "$(TARGET_NAME)";
				SDKROOT = macosx;
				SWIFT_VERSION = 5.0;
				TEST_TARGET_NAME = "Raytraced (macOS)";
			};
			name = Debug;
		};
		2B832DD425F84D57006A54E6 /* Release */ = {
			isa = XCBuildConfiguration;
			buildSettings = {
				ALWAYS_EMBED_SWIFT_STANDARD_LIBRARIES = YES;
				CODE_SIGN_STYLE = Automatic;
				COMBINE_HIDPI_IMAGES = YES;
				DEVELOPMENT_TEAM = G6R6L3VH62;
				INFOPLIST_FILE = "Tests macOS/Info.plist";
				LD_RUNPATH_SEARCH_PATHS = (
					"$(inherited)",
					"@executable_path/../Frameworks",
					"@loader_path/../Frameworks",
				);
				MACOSX_DEPLOYMENT_TARGET = 11.3;
				PRODUCT_BUNDLE_IDENTIFIER = "com.moenig.Tests-macOS";
				PRODUCT_NAME = "$(TARGET_NAME)";
				SDKROOT = macosx;
				SWIFT_VERSION = 5.0;
				TEST_TARGET_NAME = "Raytraced (macOS)";
			};
			name = Release;
		};
/* End XCBuildConfiguration section */

/* Begin XCConfigurationList section */
		2B832D9325F84D54006A54E6 /* Build configuration list for PBXProject "Raytraced" */ = {
			isa = XCConfigurationList;
			buildConfigurations = (
				2B832DC725F84D57006A54E6 /* Debug */,
				2B832DC825F84D57006A54E6 /* Release */,
			);
			defaultConfigurationIsVisible = 0;
			defaultConfigurationName = Release;
		};
		2B832DC925F84D57006A54E6 /* Build configuration list for PBXNativeTarget "Raytraced (iOS)" */ = {
			isa = XCConfigurationList;
			buildConfigurations = (
				2B832DCA25F84D57006A54E6 /* Debug */,
				2B832DCB25F84D57006A54E6 /* Release */,
			);
			defaultConfigurationIsVisible = 0;
			defaultConfigurationName = Release;
		};
		2B832DCC25F84D57006A54E6 /* Build configuration list for PBXNativeTarget "Raytraced (macOS)" */ = {
			isa = XCConfigurationList;
			buildConfigurations = (
				2B832DCD25F84D57006A54E6 /* Debug */,
				2B832DCE25F84D57006A54E6 /* Release */,
			);
			defaultConfigurationIsVisible = 0;
			defaultConfigurationName = Release;
		};
		2B832DCF25F84D57006A54E6 /* Build configuration list for PBXNativeTarget "Tests iOS" */ = {
			isa = XCConfigurationList;
			buildConfigurations = (
				2B832DD025F84D57006A54E6 /* Debug */,
				2B832DD125F84D57006A54E6 /* Release */,
			);
			defaultConfigurationIsVisible = 0;
			defaultConfigurationName = Release;
		};
		2B832DD225F84D57006A54E6 /* Build configuration list for PBXNativeTarget "Tests macOS" */ = {
			isa = XCConfigurationList;
			buildConfigurations = (
				2B832DD325F84D57006A54E6 /* Debug */,
				2B832DD425F84D57006A54E6 /* Release */,
			);
			defaultConfigurationIsVisible = 0;
			defaultConfigurationName = Release;
		};
/* End XCConfigurationList section */
	};
	rootObject = 2B832D9025F84D54006A54E6 /* Project object */;
}
